
Microsoft Visual Studio Solution File, Format Version 12.00
# Visual Studio 15
VisualStudioVersion = 15.0.27428.2011
MinimumVisualStudioVersion = 10.0.40219.1
Project("{8BC9CEB8-8B4A-11D0-8D11-00A0C91BC942}") = "Tests", "Tests\Tests.vcxproj", "{E5C6C31A-6530-4317-8CCC-B3DA8602908C}"
EndProject
Project("{8BC9CEB8-8B4A-11D0-8D11-00A0C91BC942}") = "BWEM", "BWEM\BWEM.vcxproj", "{EE73B286-B35D-4387-9EEA-5B8C5192D068}"
EndProject
Global
	GlobalSection(SolutionConfigurationPlatforms) = preSolution
		Debug|x86 = Debug|x86
		Release|x86 = Release|x86
	EndGlobalSection
	GlobalSection(ProjectConfigurationPlatforms) = postSolution
		{E5C6C31A-6530-4317-8CCC-B3DA8602908C}.Debug|x86.ActiveCfg = Debug|Win32
		{E5C6C31A-6530-4317-8CCC-B3DA8602908C}.Debug|x86.Build.0 = Debug|Win32
		{E5C6C31A-6530-4317-8CCC-B3DA8602908C}.Release|x86.ActiveCfg = Release|Win32
		{E5C6C31A-6530-4317-8CCC-B3DA8602908C}.Release|x86.Build.0 = Release|Win32
		{EE73B286-B35D-4387-9EEA-5B8C5192D068}.Debug|x86.ActiveCfg = Debug|Win32
		{EE73B286-B35D-4387-9EEA-5B8C5192D068}.Debug|x86.Build.0 = Debug|Win32
		{EE73B286-B35D-4387-9EEA-5B8C5192D068}.Release|x86.ActiveCfg = Release|Win32
		{EE73B286-B35D-4387-9EEA-5B8C5192D068}.Release|x86.Build.0 = Release|Win32
	EndGlobalSection
	GlobalSection(SolutionProperties) = preSolution
		HideSolutionNode = FALSE
	EndGlobalSection
	GlobalSection(ExtensibilityGlobals) = postSolution
		SolutionGuid = {FF55C059-D45B-4C43-B534-8DB61DDCAEE0}
	EndGlobalSection
EndGlobal
